// !$*UTF8*$!
{
	archiveVersion = 1;
	classes = {
	};
	objectVersion = 46;
	objects = {

/* Begin PBXBuildFile section */
		BC9D9B421C0319FB00292CEF /* main.m in Sources */ = {isa = PBXBuildFile; fileRef = BC9D9B411C0319FB00292CEF /* main.m */; };
		BC9D9B451C0319FB00292CEF /* AppDelegate.m in Sources */ = {isa = PBXBuildFile; fileRef = BC9D9B441C0319FB00292CEF /* AppDelegate.m */; };
		BC9D9B481C0319FB00292CEF /* ViewController.m in Sources */ = {isa = PBXBuildFile; fileRef = BC9D9B471C0319FB00292CEF /* ViewController.m */; };
		BC9D9B4B1C0319FB00292CEF /* Main.storyboard in Resources */ = {isa = PBXBuildFile; fileRef = BC9D9B491C0319FB00292CEF /* Main.storyboard */; };
		BC9D9B4D1C0319FB00292CEF /* Images.xcassets in Resources */ = {isa = PBXBuildFile; fileRef = BC9D9B4C1C0319FB00292CEF /* Images.xcassets */; };
		BC9D9B501C0319FB00292CEF /* LaunchScreen.xib in Resources */ = {isa = PBXBuildFile; fileRef = BC9D9B4E1C0319FB00292CEF /* LaunchScreen.xib */; };
		BC9D9B5C1C0319FB00292CEF /* _10TEST02Tests.m in Sources */ = {isa = PBXBuildFile; fileRef = BC9D9B5B1C0319FB00292CEF /* _10TEST02Tests.m */; };
/* End PBXBuildFile section */

/* Begin PBXContainerItemProxy section */
		BC9D9B561C0319FB00292CEF /* PBXContainerItemProxy */ = {
			isa = PBXContainerItemProxy;
			containerPortal = BC9D9B341C0319FB00292CEF /* Project object */;
			proxyType = 1;
			remoteGlobalIDString = BC9D9B3B1C0319FB00292CEF;
			remoteInfo = 110TEST02;
		};
/* End PBXContainerItemProxy section */

/* Begin PBXFileReference section */
		BC9D9B3C1C0319FB00292CEF /* 110TEST02.app */ = {isa = PBXFileReference; explicitFileType = wrapper.application; includeInIndex = 0; path = 110TEST02.app; sourceTree = BUILT_PRODUCTS_DIR; };
		BC9D9B401C0319FB00292CEF /* Info.plist */ = {isa = PBXFileReference; lastKnownFileType = text.plist.xml; path = Info.plist; sourceTree = "<group>"; };
		BC9D9B411C0319FB00292CEF /* main.m */ = {isa = PBXFileReference; lastKnownFileType = sourcecode.c.objc; path = main.m; sourceTree = "<group>"; };
		BC9D9B431C0319FB00292CEF /* AppDelegate.h */ = {isa = PBXFileReference; lastKnownFileType = sourcecode.c.h; path = AppDelegate.h; sourceTree = "<group>"; };
		BC9D9B441C0319FB00292CEF /* AppDelegate.m */ = {isa = PBXFileReference; lastKnownFileType = sourcecode.c.objc; path = AppDelegate.m; sourceTree = "<group>"; };
		BC9D9B461C0319FB00292CEF /* ViewController.h */ = {isa = PBXFileReference; lastKnownFileType = sourcecode.c.h; path = ViewController.h; sourceTree = "<group>"; };
		BC9D9B471C0319FB00292CEF /* ViewController.m */ = {isa = PBXFileReference; lastKnownFileType = sourcecode.c.objc; path = ViewController.m; sourceTree = "<group>"; };
		BC9D9B4A1C0319FB00292CEF /* Base */ = {isa = PBXFileReference; lastKnownFileType = file.storyboard; name = Base; path = Base.lproj/Main.storyboard; sourceTree = "<group>"; };
		BC9D9B4C1C0319FB00292CEF /* Images.xcassets */ = {isa = PBXFileReference; lastKnownFileType = folder.assetcatalog; path = Images.xcassets; sourceTree = "<group>"; };
		BC9D9B4F1C0319FB00292CEF /* Base */ = {isa = PBXFileReference; lastKnownFileType = file.xib; name = Base; path = Base.lproj/LaunchScreen.xib; sourceTree = "<group>"; };
		BC9D9B551C0319FB00292CEF /* 110TEST02Tests.xctest */ = {isa = PBXFileReference; explicitFileType = wrapper.cfbundle; includeInIndex = 0; path = 110TEST02Tests.xctest; sourceTree = BUILT_PRODUCTS_DIR; };
		BC9D9B5A1C0319FB00292CEF /* Info.plist */ = {isa = PBXFileReference; lastKnownFileType = text.plist.xml; path = Info.plist; sourceTree = "<group>"; };
		BC9D9B5B1C0319FB00292CEF /* _10TEST02Tests.m */ = {isa = PBXFileReference; lastKnownFileType = sourcecode.c.objc; path = _10TEST02Tests.m; sourceTree = "<group>"; };
/* End PBXFileReference section */

/* Begin PBXFrameworksBuildPhase section */
		BC9D9B391C0319FB00292CEF /* Frameworks */ = {
			isa = PBXFrameworksBuildPhase;
			buildActionMask = 2147483647;
			files = (
			);
			runOnlyForDeploymentPostprocessing = 0;
		};
		BC9D9B521C0319FB00292CEF /* Frameworks */ = {
			isa = PBXFrameworksBuildPhase;
			buildActionMask = 2147483647;
			files = (
			);
			runOnlyForDeploymentPostprocessing = 0;
		};
/* End PBXFrameworksBuildPhase section */

/* Begin PBXGroup section */
		BC9D9B331C0319FB00292CEF = {
			isa = PBXGroup;
			children = (
				BC9D9B3E1C0319FB00292CEF /* 110TEST02 */,
				BC9D9B581C0319FB00292CEF /* 110TEST02Tests */,
				BC9D9B3D1C0319FB00292CEF /* Products */,
			);
			sourceTree = "<group>";
		};
		BC9D9B3D1C0319FB00292CEF /* Products */ = {
			isa = PBXGroup;
			children = (
				BC9D9B3C1C0319FB00292CEF /* 110TEST02.app */,
				BC9D9B551C0319FB00292CEF /* 110TEST02Tests.xctest */,
			);
			name = Products;
			sourceTree = "<group>";
		};
		BC9D9B3E1C0319FB00292CEF /* 110TEST02 */ = {
			isa = PBXGroup;
			children = (
				BC9D9B431C0319FB00292CEF /* AppDelegate.h */,
				BC9D9B441C0319FB00292CEF /* AppDelegate.m */,
				BC9D9B461C0319FB00292CEF /* ViewController.h */,
				BC9D9B471C0319FB00292CEF /* ViewController.m */,
				BC9D9B491C0319FB00292CEF /* Main.storyboard */,
				BC9D9B4C1C0319FB00292CEF /* Images.xcassets */,
				BC9D9B4E1C0319FB00292CEF /* LaunchScreen.xib */,
				BC9D9B3F1C0319FB00292CEF /* Supporting Files */,
			);
			path = 110TEST02;
			sourceTree = "<group>";
		};
		BC9D9B3F1C0319FB00292CEF /* Supporting Files */ = {
			isa = PBXGroup;
			children = (
				BC9D9B401C0319FB00292CEF /* Info.plist */,
				BC9D9B411C0319FB00292CEF /* main.m */,
			);
			name = "Supporting Files";
			sourceTree = "<group>";
		};
		BC9D9B581C0319FB00292CEF /* 110TEST02Tests */ = {
			isa = PBXGroup;
			children = (
				BC9D9B5B1C0319FB00292CEF /* _10TEST02Tests.m */,
				BC9D9B591C0319FB00292CEF /* Supporting Files */,
			);
			path = 110TEST02Tests;
			sourceTree = "<group>";
		};
		BC9D9B591C0319FB00292CEF /* Supporting Files */ = {
			isa = PBXGroup;
			children = (
				BC9D9B5A1C0319FB00292CEF /* Info.plist */,
			);
			name = "Supporting Files";
			sourceTree = "<group>";
		};
/* End PBXGroup section */

/* Begin PBXNativeTarget section */
		BC9D9B3B1C0319FB00292CEF /* 110TEST02 */ = {
			isa = PBXNativeTarget;
			buildConfigurationList = BC9D9B5F1C0319FB00292CEF /* Build configuration list for PBXNativeTarget "110TEST02" */;
			buildPhases = (
				BC9D9B381C0319FB00292CEF /* Sources */,
				BC9D9B391C0319FB00292CEF /* Frameworks */,
				BC9D9B3A1C0319FB00292CEF /* Resources */,
			);
			buildRules = (
			);
			dependencies = (
			);
			name = 110TEST02;
			productName = 110TEST02;
			productReference = BC9D9B3C1C0319FB00292CEF /* 110TEST02.app */;
			productType = "com.apple.product-type.application";
		};
		BC9D9B541C0319FB00292CEF /* 110TEST02Tests */ = {
			isa = PBXNativeTarget;
			buildConfigurationList = BC9D9B621C0319FB00292CEF /* Build configuration list for PBXNativeTarget "110TEST02Tests" */;
			buildPhases = (
				BC9D9B511C0319FB00292CEF /* Sources */,
				BC9D9B521C0319FB00292CEF /* Frameworks */,
				BC9D9B531C0319FB00292CEF /* Resources */,
			);
			buildRules = (
			);
			dependencies = (
				BC9D9B571C0319FB00292CEF /* PBXTargetDependency */,
			);
			name = 110TEST02Tests;
			productName = 110TEST02Tests;
			productReference = BC9D9B551C0319FB00292CEF /* 110TEST02Tests.xctest */;
			productType = "com.apple.product-type.bundle.unit-test";
		};
/* End PBXNativeTarget section */

/* Begin PBXProject section */
		BC9D9B341C0319FB00292CEF /* Project object */ = {
			isa = PBXProject;
			attributes = {
				LastUpgradeCheck = 0640;
				ORGANIZATIONNAME = TB;
				TargetAttributes = {
					BC9D9B3B1C0319FB00292CEF = {
						CreatedOnToolsVersion = 6.4;
					};
					BC9D9B541C0319FB00292CEF = {
						CreatedOnToolsVersion = 6.4;
						TestTargetID = BC9D9B3B1C0319FB00292CEF;
					};
				};
			};
			buildConfigurationList = BC9D9B371C0319FB00292CEF /* Build configuration list for PBXProject "110TEST02" */;
			compatibilityVersion = "Xcode 3.2";
			developmentRegion = English;
			hasScannedForEncodings = 0;
			knownRegions = (
				en,
				Base,
			);
			mainGroup = BC9D9B331C0319FB00292CEF;
			productRefGroup = BC9D9B3D1C0319FB00292CEF /* Products */;
			projectDirPath = "";
			projectRoot = "";
			targets = (
				BC9D9B3B1C0319FB00292CEF /* 110TEST02 */,
				BC9D9B541C0319FB00292CEF /* 110TEST02Tests */,
			);
		};
/* End PBXProject section */

/* Begin PBXResourcesBuildPhase section */
		BC9D9B3A1C0319FB00292CEF /* Resources */ = {
			isa = PBXResourcesBuildPhase;
			buildActionMask = 2147483647;
			files = (
				BC9D9B4B1C0319FB00292CEF /* Main.storyboard in Resources */,
				BC9D9B501C0319FB00292CEF /* LaunchScreen.xib in Resources */,
				BC9D9B4D1C0319FB00292CEF /* Images.xcassets in Resources */,
			);
			runOnlyForDeploymentPostprocessing = 0;
		};
		BC9D9B531C0319FB00292CEF /* Resources */ = {
			isa = PBXResourcesBuildPhase;
			buildActionMask = 2147483647;
			files = (
			);
			runOnlyForDeploymentPostprocessing = 0;
		};
/* End PBXResourcesBuildPhase section */

/* Begin PBXSourcesBuildPhase section */
		BC9D9B381C0319FB00292CEF /* Sources */ = {
			isa = PBXSourcesBuildPhase;
			buildActionMask = 2147483647;
			files = (
				BC9D9B481C0319FB00292CEF /* ViewController.m in Sources */,
				BC9D9B451C0319FB00292CEF /* AppDelegate.m in Sources */,
				BC9D9B421C0319FB00292CEF /* main.m in Sources */,
			);
			runOnlyForDeploymentPostprocessing = 0;
		};
		BC9D9B511C0319FB00292CEF /* Sources */ = {
			isa = PBXSourcesBuildPhase;
			buildActionMask = 2147483647;
			files = (
				BC9D9B5C1C0319FB00292CEF /* _10TEST02Tests.m in Sources */,
			);
			runOnlyForDeploymentPostprocessing = 0;
		};
/* End PBXSourcesBuildPhase section */

/* Begin PBXTargetDependency section */
		BC9D9B571C0319FB00292CEF /* PBXTargetDependency */ = {
			isa = PBXTargetDependency;
			target = BC9D9B3B1C0319FB00292CEF /* 110TEST02 */;
			targetProxy = BC9D9B561C0319FB00292CEF /* PBXContainerItemProxy */;
		};
/* End PBXTargetDependency section */

/* Begin PBXVariantGroup section */
		BC9D9B491C0319FB00292CEF /* Main.storyboard */ = {
			isa = PBXVariantGroup;
			children = (
				BC9D9B4A1C0319FB00292CEF /* Base */,
			);
			name = Main.storyboard;
			sourceTree = "<group>";
		};
		BC9D9B4E1C0319FB00292CEF /* LaunchScreen.xib */ = {
			isa = PBXVariantGroup;
			children = (
				BC9D9B4F1C0319FB00292CEF /* Base */,
			);
			name = LaunchScreen.xib;
			sourceTree = "<group>";
		};
/* End PBXVariantGroup section */

/* Begin XCBuildConfiguration section */
		BC9D9B5D1C0319FB00292CEF /* Debug */ = {
			isa = XCBuildConfiguration;
			buildSettings = {
				ALWAYS_SEARCH_USER_PATHS = NO;
				CLANG_CXX_LANGUAGE_STANDARD = "gnu++0x";
				CLANG_CXX_LIBRARY = "libc++";
				CLANG_ENABLE_MODULES = YES;
				CLANG_ENABLE_OBJC_ARC = YES;
				CLANG_WARN_BOOL_CONVERSION = YES;
				CLANG_WARN_CONSTANT_CONVERSION = YES;
				CLANG_WARN_DIRECT_OBJC_ISA_USAGE = YES_ERROR;
				CLANG_WARN_EMPTY_BODY = YES;
				CLANG_WARN_ENUM_CONVERSION = YES;
				CLANG_WARN_INT_CONVERSION = YES;
				CLANG_WARN_OBJC_ROOT_CLASS = YES_ERROR;
				CLANG_WARN_UNREACHABLE_CODE = YES;
				CLANG_WARN__DUPLICATE_METHOD_MATCH = YES;
				"CODE_SIGN_IDENTITY[sdk=iphoneos*]" = "iPhone Developer";
				COPY_PHASE_STRIP = NO;
				DEBUG_INFORMATION_FORMAT = "dwarf-with-dsym";
				ENABLE_STRICT_OBJC_MSGSEND = YES;
				GCC_C_LANGUAGE_STANDARD = gnu99;
				GCC_DYNAMIC_NO_PIC = NO;
				GCC_NO_COMMON_BLOCKS = YES;
				GCC_OPTIMIZATION_LEVEL = 0;
				GCC_PREPROCESSOR_DEFINITIONS = (
					"DEBUG=1",
					"$(inherited)",
				);
				GCC_SYMBOLS_PRIVATE_EXTERN = NO;
				GCC_WARN_64_TO_32_BIT_CONVERSION = YES;
				GCC_WARN_ABOUT_RETURN_TYPE = YES_ERROR;
				GCC_WARN_UNDECLARED_SELECTOR = YES;
				GCC_WARN_UNINITIALIZED_AUTOS = YES_AGGRESSIVE;
				GCC_WARN_UNUSED_FUNCTION = YES;
				GCC_WARN_UNUSED_VARIABLE = YES;
				IPHONEOS_DEPLOYMENT_TARGET = 8.4;
				MTL_ENABLE_DEBUG_INFO = YES;
				ONLY_ACTIVE_ARCH = YES;
				SDKROOT = iphoneos;
			};
			name = Debug;
		};
		BC9D9B5E1C0319FB00292CEF /* Release */ = {
			isa = XCBuildConfiguration;
			buildSettings = {
				ALWAYS_SEARCH_USER_PATHS = NO;
				CLANG_CXX_LANGUAGE_STANDARD = "gnu++0x";
				CLANG_CXX_LIBRARY = "libc++";
				CLANG_ENABLE_MODULES = YES;
				CLANG_ENABLE_OBJC_ARC = YES;
				CLANG_WARN_BOOL_CONVERSION = YES;
				CLANG_WARN_CONSTANT_CONVERSION = YES;
				CLANG_WARN_DIRECT_OBJC_ISA_USAGE = YES_ERROR;
				CLANG_WARN_EMPTY_BODY = YES;
				CLANG_WARN_ENUM_CONVERSION = YES;
				CLANG_WARN_INT_CONVERSION = YES;
				CLANG_WARN_OBJC_ROOT_CLASS = YES_ERROR;
				CLANG_WARN_UNREACHABLE_CODE = YES;
				CLANG_WARN__DUPLICATE_METHOD_MATCH = YES;
				"CODE_SIGN_IDENTITY[sdk=iphoneos*]" = "iPhone Developer";
				COPY_PHASE_STRIP = NO;
				DEBUG_INFORMATION_FORMAT = "dwarf-with-dsym";
				ENABLE_NS_ASSERTIONS = NO;
				ENABLE_STRICT_OBJC_MSGSEND = YES;
				GCC_C_LANGUAGE_STANDARD = gnu99;
				GCC_NO_COMMON_BLOCKS = YES;
				GCC_WARN_64_TO_32_BIT_CONVERSION = YES;
				GCC_WARN_ABOUT_RETURN_TYPE = YES_ERROR;
				GCC_WARN_UNDECLARED_SELECTOR = YES;
				GCC_WARN_UNINITIALIZED_AUTOS = YES_AGGRESSIVE;
				GCC_WARN_UNUSED_FUNCTION = YES;
				GCC_WARN_UNUSED_VARIABLE = YES;
				IPHONEOS_DEPLOYMENT_TARGET = 8.4;
				MTL_ENABLE_DEBUG_INFO = NO;
				SDKROOT = iphoneos;
				VALIDATE_PRODUCT = YES;
			};
			name = Release;
		};
		BC9D9B601C0319FB00292CEF /* Debug */ = {
			isa = XCBuildConfiguration;
			buildSettings = {
				ASSETCATALOG_COMPILER_APPICON_NAME = AppIcon;
				INFOPLIST_FILE = 110TEST02/Info.plist;
				LD_RUNPATH_SEARCH_PATHS = "$(inherited) @executable_path/Frameworks";
				PRODUCT_NAME = "$(TARGET_NAME)";
			};
			name = Debug;
		};
		BC9D9B611C0319FB00292CEF /* Release */ = {
			isa = XCBuildConfiguration;
			buildSettings = {
				ASSETCATALOG_COMPILER_APPICON_NAME = AppIcon;
				INFOPLIST_FILE = 110TEST02/Info.plist;
				LD_RUNPATH_SEARCH_PATHS = "$(inherited) @executable_path/Frameworks";
				PRODUCT_NAME = "$(TARGET_NAME)";
			};
			name = Release;
		};
		BC9D9B631C0319FB00292CEF /* Debug */ = {
			isa = XCBuildConfiguration;
			buildSettings = {
				BUNDLE_LOADER = "$(TEST_HOST)";
				FRAMEWORK_SEARCH_PATHS = (
					"$(SDKROOT)/Developer/Library/Frameworks",
					"$(inherited)",
				);
				GCC_PREPROCESSOR_DEFINITIONS = (
					"DEBUG=1",
					"$(inherited)",
				);
				INFOPLIST_FILE = 110TEST02Tests/Info.plist;
				LD_RUNPATH_SEARCH_PATHS = "$(inherited) @executable_path/Frameworks @loader_path/Frameworks";
				PRODUCT_NAME = "$(TARGET_NAME)";
				TEST_HOST = "$(BUILT_PRODUCTS_DIR)/110TEST02.app/110TEST02";
			};
			name = Debug;
		};
		BC9D9B641C0319FB00292CEF /* Release */ = {
			isa = XCBuildConfiguration;
			buildSettings = {
				BUNDLE_LOADER = "$(TEST_HOST)";
				FRAMEWORK_SEARCH_PATHS = (
					"$(SDKROOT)/Developer/Library/Frameworks",
					"$(inherited)",
				);
				INFOPLIST_FILE = 110TEST02Tests/Info.plist;
				LD_RUNPATH_SEARCH_PATHS = "$(inherited) @executable_path/Frameworks @loader_path/Frameworks";
				PRODUCT_NAME = "$(TARGET_NAME)";
				TEST_HOST = "$(BUILT_PRODUCTS_DIR)/110TEST02.app/110TEST02";
			};
			name = Release;
		};
/* End XCBuildConfiguration section */

/* Begin XCConfigurationList section */
		BC9D9B371C0319FB00292CEF /* Build configuration list for PBXProject "110TEST02" */ = {
			isa = XCConfigurationList;
			buildConfigurations = (
				BC9D9B5D1C0319FB00292CEF /* Debug */,
				BC9D9B5E1C0319FB00292CEF /* Release */,
			);
			defaultConfigurationIsVisible = 0;
			defaultConfigurationName = Release;
		};
		BC9D9B5F1C0319FB00292CEF /* Build configuration list for PBXNativeTarget "110TEST02" */ = {
			isa = XCConfigurationList;
			buildConfigurations = (
				BC9D9B601C0319FB00292CEF /* Debug */,
				BC9D9B611C0319FB00292CEF /* Release */,
			);
			defaultConfigurationIsVisible = 0;
		};
		BC9D9B621C0319FB00292CEF /* Build configuration list for PBXNativeTarget "110TEST02Tests" */ = {
			isa = XCConfigurationList;
			buildConfigurations = (
				BC9D9B631C0319FB00292CEF /* Debug */,
				BC9D9B641C0319FB00292CEF /* Release */,
			);
			defaultConfigurationIsVisible = 0;
		};
/* End XCConfigurationList section */
	};
	rootObject = BC9D9B341C0319FB00292CEF /* Project object */;
}
